{
  "name": "FSU-ASLC-APP",
  "lockfileVersion": 2,
  "requires": true,
  "packages": {
    "": {
      "dependencies": {
        "ionicons": "^7.2.2"
      }
    },
    "node_modules/@stencil/core": {
      "version": "4.12.3",
      "resolved": "https://registry.npmjs.org/@stencil/core/-/core-4.12.3.tgz",
      "integrity": "sha512-9XkE9i2aXPlApMNeq3tbVHKx0eAfDc7QGyIl6t5NMuQFTOGL5Xd1soF38d+hCIDpUoUUtY7jXWg+iFrlrMzQhg==",
      "bin": {
        "stencil": "bin/stencil"
      },
      "engines": {
        "node": ">=16.0.0",
        "npm": ">=7.10.0"
      }
    },
    "node_modules/ionicons": {
      "version": "7.2.2",
      "resolved": "https://registry.npmjs.org/ionicons/-/ionicons-7.2.2.tgz",
      "integrity": "sha512-I3iYIfc9Q9FRifWyFSwTAvbEABWlWY32i0sAVDDPGYnaIZVugkLCZFbEcrphW6ixVPg8tt1oLwalo/JJwbEqnA==",
      "dependencies": {
        "@stencil/core": "^4.0.3"
      }
    }
  },
  "dependencies": {
    "@stencil/core": {
      "version": "4.12.3",
      "resolved": "https://registry.npmjs.org/@stencil/core/-/core-4.12.3.tgz",
      "integrity": "sha512-9XkE9i2aXPlApMNeq3tbVHKx0eAfDc7QGyIl6t5NMuQFTOGL5Xd1soF38d+hCIDpUoUUtY7jXWg+iFrlrMzQhg=="
    },
    "ionicons": {
      "version": "7.2.2",
      "resolved": "https://registry.npmjs.org/ionicons/-/ionicons-7.2.2.tgz",
      "integrity": "sha512-I3iYIfc9Q9FRifWyFSwTAvbEABWlWY32i0sAVDDPGYnaIZVugkLCZFbEcrphW6ixVPg8tt1oLwalo/JJwbEqnA==",
      "requires": {
        "@stencil/core": "^4.0.3"
      }
    }
  }
}
